
Microsoft Visual Studio Solution File, Format Version 12.00
# Visual Studio Version 17
VisualStudioVersion = 17.7.34202.233
MinimumVisualStudioVersion = 10.0.40219.1
Project("{888888A0-9F3D-457C-B088-3A5042F75D52}") = "vize notu geçti kaldı", "vize notu geçti kaldı\vize notu geçti kaldı.pyproj", "{B1FF2412-0B8B-4E2C-B48A-2ECEE85F7E19}"
EndProject
Global
	GlobalSection(SolutionConfigurationPlatforms) = preSolution
		Debug|Any CPU = Debug|Any CPU
		Release|Any CPU = Release|Any CPU
	EndGlobalSection
	GlobalSection(ProjectConfigurationPlatforms) = postSolution
		{B1FF2412-0B8B-4E2C-B48A-2ECEE85F7E19}.Debug|Any CPU.ActiveCfg = Debug|Any CPU
		{B1FF2412-0B8B-4E2C-B48A-2ECEE85F7E19}.Release|Any CPU.ActiveCfg = Release|Any CPU
	EndGlobalSection
	GlobalSection(SolutionProperties) = preSolution
		HideSolutionNode = FALSE
	EndGlobalSection
	GlobalSection(ExtensibilityGlobals) = postSolution
		SolutionGuid = {654AB899-04E6-434F-8B85-0427A9E5264B}
	EndGlobalSection
EndGlobal
